
Microsoft Visual Studio Solution File, Format Version 12.00
# Visual Studio Version 16
VisualStudioVersion = 16.0.29215.179
MinimumVisualStudioVersion = 10.0.40219.1
Project("{FAE04EC0-301F-11D3-BF4B-00C04F79EFBC}") = "ProjectWF", "ProjectWF\ProjectWF.csproj", "{36629677-83C2-44F0-B3F1-0E32D47E7FF9}"
EndProject
Global
	GlobalSection(SolutionConfigurationPlatforms) = preSolution
		Debug|Any CPU = Debug|Any CPU
		Release|Any CPU = Release|Any CPU
	EndGlobalSection
	GlobalSection(ProjectConfigurationPlatforms) = postSolution
		{36629677-83C2-44F0-B3F1-0E32D47E7FF9}.Debug|Any CPU.ActiveCfg = Debug|Any CPU
		{36629677-83C2-44F0-B3F1-0E32D47E7FF9}.Debug|Any CPU.Build.0 = Debug|Any CPU
		{36629677-83C2-44F0-B3F1-0E32D47E7FF9}.Release|Any CPU.ActiveCfg = Release|Any CPU
		{36629677-83C2-44F0-B3F1-0E32D47E7FF9}.Release|Any CPU.Build.0 = Release|Any CPU
	EndGlobalSection
	GlobalSection(SolutionProperties) = preSolution
		HideSolutionNode = FALSE
	EndGlobalSection
	GlobalSection(ExtensibilityGlobals) = postSolution
		SolutionGuid = {FF748FC0-C639-4019-94C6-6D1565DFE11B}
	EndGlobalSection
EndGlobal
